
Microsoft Visual Studio Solution File, Format Version 12.00
# Visual Studio Version 17
VisualStudioVersion = 17.7.34031.279
MinimumVisualStudioVersion = 10.0.40219.1
Project("{FAE04EC0-301F-11D3-BF4B-00C04F79EFBC}") = "HW3b-368", "HW3b-368.csproj", "{ABA1B95A-E477-430F-808E-7BBC5A9A3519}"
EndProject
Global
	GlobalSection(SolutionConfigurationPlatforms) = preSolution
		Debug|Any CPU = Debug|Any CPU
		Release|Any CPU = Release|Any CPU
	EndGlobalSection
	GlobalSection(ProjectConfigurationPlatforms) = postSolution
		{ABA1B95A-E477-430F-808E-7BBC5A9A3519}.Debug|Any CPU.ActiveCfg = Debug|Any CPU
		{ABA1B95A-E477-430F-808E-7BBC5A9A3519}.Debug|Any CPU.Build.0 = Debug|Any CPU
		{ABA1B95A-E477-430F-808E-7BBC5A9A3519}.Release|Any CPU.ActiveCfg = Release|Any CPU
		{ABA1B95A-E477-430F-808E-7BBC5A9A3519}.Release|Any CPU.Build.0 = Release|Any CPU
	EndGlobalSection
	GlobalSection(SolutionProperties) = preSolution
		HideSolutionNode = FALSE
	EndGlobalSection
	GlobalSection(ExtensibilityGlobals) = postSolution
		SolutionGuid = {070FBD7A-0BEE-4B64-8309-9105F3A94B39}
	EndGlobalSection
EndGlobal
